
Microsoft Visual Studio Solution File, Format Version 12.00
# Visual Studio Version 16
VisualStudioVersion = 16.0.31410.357
MinimumVisualStudioVersion = 10.0.40219.1
Project("{FAE04EC0-301F-11D3-BF4B-00C04F79EFBC}") = "Finca_Monte_Carlo", "Finca_Monte_Carlo\Finca_Monte_Carlo.csproj", "{2F95FF31-C9F6-4680-BD14-29AE355FC9A5}"
EndProject
Global
	GlobalSection(SolutionConfigurationPlatforms) = preSolution
		Debug|Any CPU = Debug|Any CPU
		Release|Any CPU = Release|Any CPU
	EndGlobalSection
	GlobalSection(ProjectConfigurationPlatforms) = postSolution
		{2F95FF31-C9F6-4680-BD14-29AE355FC9A5}.Debug|Any CPU.ActiveCfg = Debug|Any CPU
		{2F95FF31-C9F6-4680-BD14-29AE355FC9A5}.Debug|Any CPU.Build.0 = Debug|Any CPU
		{2F95FF31-C9F6-4680-BD14-29AE355FC9A5}.Release|Any CPU.ActiveCfg = Release|Any CPU
		{2F95FF31-C9F6-4680-BD14-29AE355FC9A5}.Release|Any CPU.Build.0 = Release|Any CPU
	EndGlobalSection
	GlobalSection(SolutionProperties) = preSolution
		HideSolutionNode = FALSE
	EndGlobalSection
	GlobalSection(ExtensibilityGlobals) = postSolution
		SolutionGuid = {AE1F4ABD-9642-4C64-9530-47206760D4B4}
	EndGlobalSection
EndGlobal
